# This file is automatically @generated by Poetry and should not be changed by hand.

[[package]]
name = "djhtml"
version = "3.0.6"
description = "Django/Jinja template indenter"
category = "main"
optional = false
python-versions = "*"
files = [
    {file = "djhtml-3.0.6.tar.gz", hash = "sha256:abfc4d7b4730432ca6a98322fbdf8ae9d6ba254ea57ba3759a10ecb293bc57de"},
]

[package.extras]
dev = ["nox", "pre-commit"]

[metadata]
lock-version = "2.0"
python-versions = "^3.11"
content-hash = "1ce18e73654eecc2a8a7993b63df4da3b7a99a05911b23df99e6a82a66a0b610"
